// !$*UTF8*$!
{
	archiveVersion = 1;
	classes = {
	};
	objectVersion = 46;
	objects = {

/* Begin PBXBuildFile section */
		A437BEA61DB9C15800DA87A5 /* main.m in Sources */ = {isa = PBXBuildFile; fileRef = A437BEA51DB9C15800DA87A5 /* main.m */; };
		A437BEA91DB9C15800DA87A5 /* AppDelegate.m in Sources */ = {isa = PBXBuildFile; fileRef = A437BEA81DB9C15800DA87A5 /* AppDelegate.m */; };
		A437BEAC1DB9C15800DA87A5 /* ViewController.m in Sources */ = {isa = PBXBuildFile; fileRef = A437BEAB1DB9C15800DA87A5 /* ViewController.m */; };
		A437BEAF1DB9C15800DA87A5 /* Main.storyboard in Resources */ = {isa = PBXBuildFile; fileRef = A437BEAD1DB9C15800DA87A5 /* Main.storyboard */; };
		A437BEB11DB9C15800DA87A5 /* Assets.xcassets in Resources */ = {isa = PBXBuildFile; fileRef = A437BEB01DB9C15800DA87A5 /* Assets.xcassets */; };
		A437BEB41DB9C15800DA87A5 /* LaunchScreen.storyboard in Resources */ = {isa = PBXBuildFile; fileRef = A437BEB21DB9C15800DA87A5 /* LaunchScreen.storyboard */; };
		A437BEBE1DB9C21A00DA87A5 /* TableHeaderSelectView.m in Sources */ = {isa = PBXBuildFile; fileRef = A437BEBD1DB9C21A00DA87A5 /* TableHeaderSelectView.m */; };
/* End PBXBuildFile section */

/* Begin PBXFileReference section */
		A437BEA11DB9C15800DA87A5 /* TableHeaderSelectDemo.app */ = {isa = PBXFileReference; explicitFileType = wrapper.application; includeInIndex = 0; path = TableHeaderSelectDemo.app; sourceTree = BUILT_PRODUCTS_DIR; };
		A437BEA51DB9C15800DA87A5 /* main.m */ = {isa = PBXFileReference; lastKnownFileType = sourcecode.c.objc; path = main.m; sourceTree = "<group>"; };
		A437BEA71DB9C15800DA87A5 /* AppDelegate.h */ = {isa = PBXFileReference; lastKnownFileType = sourcecode.c.h; path = AppDelegate.h; sourceTree = "<group>"; };
		A437BEA81DB9C15800DA87A5 /* AppDelegate.m */ = {isa = PBXFileReference; lastKnownFileType = sourcecode.c.objc; path = AppDelegate.m; sourceTree = "<group>"; };
		A437BEAA1DB9C15800DA87A5 /* ViewController.h */ = {isa = PBXFileReference; lastKnownFileType = sourcecode.c.h; path = ViewController.h; sourceTree = "<group>"; };
		A437BEAB1DB9C15800DA87A5 /* ViewController.m */ = {isa = PBXFileReference; lastKnownFileType = sourcecode.c.objc; path = ViewController.m; sourceTree = "<group>"; };
		A437BEAE1DB9C15800DA87A5 /* Base */ = {isa = PBXFileReference; lastKnownFileType = file.storyboard; name = Base; path = Base.lproj/Main.storyboard; sourceTree = "<group>"; };
		A437BEB01DB9C15800DA87A5 /* Assets.xcassets */ = {isa = PBXFileReference; lastKnownFileType = folder.assetcatalog; path = Assets.xcassets; sourceTree = "<group>"; };
		A437BEB31DB9C15800DA87A5 /* Base */ = {isa = PBXFileReference; lastKnownFileType = file.storyboard; name = Base; path = Base.lproj/LaunchScreen.storyboard; sourceTree = "<group>"; };
		A437BEB51DB9C15800DA87A5 /* Info.plist */ = {isa = PBXFileReference; lastKnownFileType = text.plist.xml; path = Info.plist; sourceTree = "<group>"; };
		A437BEBC1DB9C21A00DA87A5 /* TableHeaderSelectView.h */ = {isa = PBXFileReference; fileEncoding = 4; lastKnownFileType = sourcecode.c.h; path = TableHeaderSelectView.h; sourceTree = "<group>"; };
		A437BEBD1DB9C21A00DA87A5 /* TableHeaderSelectView.m */ = {isa = PBXFileReference; fileEncoding = 4; lastKnownFileType = sourcecode.c.objc; path = TableHeaderSelectView.m; sourceTree = "<group>"; };
/* End PBXFileReference section */

/* Begin PBXFrameworksBuildPhase section */
		A437BE9E1DB9C15800DA87A5 /* Frameworks */ = {
			isa = PBXFrameworksBuildPhase;
			buildActionMask = 2147483647;
			files = (
			);
			runOnlyForDeploymentPostprocessing = 0;
		};
/* End PBXFrameworksBuildPhase section */

/* Begin PBXGroup section */
		A437BE981DB9C15800DA87A5 = {
			isa = PBXGroup;
			children = (
				A437BEA31DB9C15800DA87A5 /* TableHeaderSelectDemo */,
				A437BEA21DB9C15800DA87A5 /* Products */,
			);
			sourceTree = "<group>";
		};
		A437BEA21DB9C15800DA87A5 /* Products */ = {
			isa = PBXGroup;
			children = (
				A437BEA11DB9C15800DA87A5 /* TableHeaderSelectDemo.app */,
			);
			name = Products;
			sourceTree = "<group>";
		};
		A437BEA31DB9C15800DA87A5 /* TableHeaderSelectDemo */ = {
			isa = PBXGroup;
			children = (
				A437BEBB1DB9C21A00DA87A5 /* View */,
				A437BEA71DB9C15800DA87A5 /* AppDelegate.h */,
				A437BEA81DB9C15800DA87A5 /* AppDelegate.m */,
				A437BEAA1DB9C15800DA87A5 /* ViewController.h */,
				A437BEAB1DB9C15800DA87A5 /* ViewController.m */,
				A437BEAD1DB9C15800DA87A5 /* Main.storyboard */,
				A437BEB01DB9C15800DA87A5 /* Assets.xcassets */,
				A437BEB21DB9C15800DA87A5 /* LaunchScreen.storyboard */,
				A437BEB51DB9C15800DA87A5 /* Info.plist */,
				A437BEA41DB9C15800DA87A5 /* Supporting Files */,
			);
			path = TableHeaderSelectDemo;
			sourceTree = "<group>";
		};
		A437BEA41DB9C15800DA87A5 /* Supporting Files */ = {
			isa = PBXGroup;
			children = (
				A437BEA51DB9C15800DA87A5 /* main.m */,
			);
			name = "Supporting Files";
			sourceTree = "<group>";
		};
		A437BEBB1DB9C21A00DA87A5 /* View */ = {
			isa = PBXGroup;
			children = (
				A437BEBC1DB9C21A00DA87A5 /* TableHeaderSelectView.h */,
				A437BEBD1DB9C21A00DA87A5 /* TableHeaderSelectView.m */,
			);
			path = View;
			sourceTree = "<group>";
		};
/* End PBXGroup section */

/* Begin PBXNativeTarget section */
		A437BEA01DB9C15800DA87A5 /* TableHeaderSelectDemo */ = {
			isa = PBXNativeTarget;
			buildConfigurationList = A437BEB81DB9C15800DA87A5 /* Build configuration list for PBXNativeTarget "TableHeaderSelectDemo" */;
			buildPhases = (
				A437BE9D1DB9C15800DA87A5 /* Sources */,
				A437BE9E1DB9C15800DA87A5 /* Frameworks */,
				A437BE9F1DB9C15800DA87A5 /* Resources */,
			);
			buildRules = (
			);
			dependencies = (
			);
			name = TableHeaderSelectDemo;
			productName = TableHeaderSelectDemo;
			productReference = A437BEA11DB9C15800DA87A5 /* TableHeaderSelectDemo.app */;
			productType = "com.apple.product-type.application";
		};
/* End PBXNativeTarget section */

/* Begin PBXProject section */
		A437BE991DB9C15800DA87A5 /* Project object */ = {
			isa = PBXProject;
			attributes = {
				LastUpgradeCheck = 0800;
				ORGANIZATIONNAME = gyl;
				TargetAttributes = {
					A437BEA01DB9C15800DA87A5 = {
						CreatedOnToolsVersion = 8.0;
						ProvisioningStyle = Automatic;
					};
				};
			};
			buildConfigurationList = A437BE9C1DB9C15800DA87A5 /* Build configuration list for PBXProject "TableHeaderSelectDemo" */;
			compatibilityVersion = "Xcode 3.2";
			developmentRegion = English;
			hasScannedForEncodings = 0;
			knownRegions = (
				en,
				Base,
			);
			mainGroup = A437BE981DB9C15800DA87A5;
			productRefGroup = A437BEA21DB9C15800DA87A5 /* Products */;
			projectDirPath = "";
			projectRoot = "";
			targets = (
				A437BEA01DB9C15800DA87A5 /* TableHeaderSelectDemo */,
			);
		};
/* End PBXProject section */

/* Begin PBXResourcesBuildPhase section */
		A437BE9F1DB9C15800DA87A5 /* Resources */ = {
			isa = PBXResourcesBuildPhase;
			buildActionMask = 2147483647;
			files = (
				A437BEB41DB9C15800DA87A5 /* LaunchScreen.storyboard in Resources */,
				A437BEB11DB9C15800DA87A5 /* Assets.xcassets in Resources */,
				A437BEAF1DB9C15800DA87A5 /* Main.storyboard in Resources */,
			);
			runOnlyForDeploymentPostprocessing = 0;
		};
/* End PBXResourcesBuildPhase section */

/* Begin PBXSourcesBuildPhase section */
		A437BE9D1DB9C15800DA87A5 /* Sources */ = {
			isa = PBXSourcesBuildPhase;
			buildActionMask = 2147483647;
			files = (
				A437BEAC1DB9C15800DA87A5 /* ViewController.m in Sources */,
				A437BEA91DB9C15800DA87A5 /* AppDelegate.m in Sources */,
				A437BEBE1DB9C21A00DA87A5 /* TableHeaderSelectView.m in Sources */,
				A437BEA61DB9C15800DA87A5 /* main.m in Sources */,
			);
			runOnlyForDeploymentPostprocessing = 0;
		};
/* End PBXSourcesBuildPhase section */

/* Begin PBXVariantGroup section */
		A437BEAD1DB9C15800DA87A5 /* Main.storyboard */ = {
			isa = PBXVariantGroup;
			children = (
				A437BEAE1DB9C15800DA87A5 /* Base */,
			);
			name = Main.storyboard;
			sourceTree = "<group>";
		};
		A437BEB21DB9C15800DA87A5 /* LaunchScreen.storyboard */ = {
			isa = PBXVariantGroup;
			children = (
				A437BEB31DB9C15800DA87A5 /* Base */,
			);
			name = LaunchScreen.storyboard;
			sourceTree = "<group>";
		};
/* End PBXVariantGroup section */

/* Begin XCBuildConfiguration section */
		A437BEB61DB9C15800DA87A5 /* Debug */ = {
			isa = XCBuildConfiguration;
			buildSettings = {
				ALWAYS_SEARCH_USER_PATHS = NO;
				CLANG_ANALYZER_NONNULL = YES;
				CLANG_CXX_LANGUAGE_STANDARD = "gnu++0x";
				CLANG_CXX_LIBRARY = "libc++";
				CLANG_ENABLE_MODULES = YES;
				CLANG_ENABLE_OBJC_ARC = YES;
				CLANG_WARN_BOOL_CONVERSION = YES;
				CLANG_WARN_CONSTANT_CONVERSION = YES;
				CLANG_WARN_DIRECT_OBJC_ISA_USAGE = YES_ERROR;
				CLANG_WARN_DOCUMENTATION_COMMENTS = YES;
				CLANG_WARN_EMPTY_BODY = YES;
				CLANG_WARN_ENUM_CONVERSION = YES;
				CLANG_WARN_INFINITE_RECURSION = YES;
				CLANG_WARN_INT_CONVERSION = YES;
				CLANG_WARN_OBJC_ROOT_CLASS = YES_ERROR;
				CLANG_WARN_SUSPICIOUS_MOVES = YES;
				CLANG_WARN_UNREACHABLE_CODE = YES;
				CLANG_WARN__DUPLICATE_METHOD_MATCH = YES;
				"CODE_SIGN_IDENTITY[sdk=iphoneos*]" = "iPhone Developer";
				COPY_PHASE_STRIP = NO;
				DEBUG_INFORMATION_FORMAT = dwarf;
				ENABLE_STRICT_OBJC_MSGSEND = YES;
				ENABLE_TESTABILITY = YES;
				GCC_C_LANGUAGE_STANDARD = gnu99;
				GCC_DYNAMIC_NO_PIC = NO;
				GCC_NO_COMMON_BLOCKS = YES;
				GCC_OPTIMIZATION_LEVEL = 0;
				GCC_PREPROCESSOR_DEFINITIONS = (
					"DEBUG=1",
					"$(inherited)",
				);
				GCC_WARN_64_TO_32_BIT_CONVERSION = YES;
				GCC_WARN_ABOUT_RETURN_TYPE = YES_ERROR;
				GCC_WARN_UNDECLARED_SELECTOR = YES;
				GCC_WARN_UNINITIALIZED_AUTOS = YES_AGGRESSIVE;
				GCC_WARN_UNUSED_FUNCTION = YES;
				GCC_WARN_UNUSED_VARIABLE = YES;
				IPHONEOS_DEPLOYMENT_TARGET = 10.0;
				MTL_ENABLE_DEBUG_INFO = YES;
				ONLY_ACTIVE_ARCH = YES;
				SDKROOT = iphoneos;
			};
			name = Debug;
		};
		A437BEB71DB9C15800DA87A5 /* Release */ = {
			isa = XCBuildConfiguration;
			buildSettings = {
				ALWAYS_SEARCH_USER_PATHS = NO;
				CLANG_ANALYZER_NONNULL = YES;
				CLANG_CXX_LANGUAGE_STANDARD = "gnu++0x";
				CLANG_CXX_LIBRARY = "libc++";
				CLANG_ENABLE_MODULES = YES;
				CLANG_ENABLE_OBJC_ARC = YES;
				CLANG_WARN_BOOL_CONVERSION = YES;
				CLANG_WARN_CONSTANT_CONVERSION = YES;
				CLANG_WARN_DIRECT_OBJC_ISA_USAGE = YES_ERROR;
				CLANG_WARN_DOCUMENTATION_COMMENTS = YES;
				CLANG_WARN_EMPTY_BODY = YES;
				CLANG_WARN_ENUM_CONVERSION = YES;
				CLANG_WARN_INFINITE_RECURSION = YES;
				CLANG_WARN_INT_CONVERSION = YES;
				CLANG_WARN_OBJC_ROOT_CLASS = YES_ERROR;
				CLANG_WARN_SUSPICIOUS_MOVES = YES;
				CLANG_WARN_UNREACHABLE_CODE = YES;
				CLANG_WARN__DUPLICATE_METHOD_MATCH = YES;
				"CODE_SIGN_IDENTITY[sdk=iphoneos*]" = "iPhone Developer";
				COPY_PHASE_STRIP = NO;
				DEBUG_INFORMATION_FORMAT = "dwarf-with-dsym";
				ENABLE_NS_ASSERTIONS = NO;
				ENABLE_STRICT_OBJC_MSGSEND = YES;
				GCC_C_LANGUAGE_STANDARD = gnu99;
				GCC_NO_COMMON_BLOCKS = YES;
				GCC_WARN_64_TO_32_BIT_CONVERSION = YES;
				GCC_WARN_ABOUT_RETURN_TYPE = YES_ERROR;
				GCC_WARN_UNDECLARED_SELECTOR = YES;
				GCC_WARN_UNINITIALIZED_AUTOS = YES_AGGRESSIVE;
				GCC_WARN_UNUSED_FUNCTION = YES;
				GCC_WARN_UNUSED_VARIABLE = YES;
				IPHONEOS_DEPLOYMENT_TARGET = 10.0;
				MTL_ENABLE_DEBUG_INFO = NO;
				SDKROOT = iphoneos;
				VALIDATE_PRODUCT = YES;
			};
			name = Release;
		};
		A437BEB91DB9C15800DA87A5 /* Debug */ = {
			isa = XCBuildConfiguration;
			buildSettings = {
				ASSETCATALOG_COMPILER_APPICON_NAME = AppIcon;
				INFOPLIST_FILE = TableHeaderSelectDemo/Info.plist;
				LD_RUNPATH_SEARCH_PATHS = "$(inherited) @executable_path/Frameworks";
				PRODUCT_BUNDLE_IDENTIFIER = com.gyl.TableHeaderSelectDemo;
				PRODUCT_NAME = "$(TARGET_NAME)";
			};
			name = Debug;
		};
		A437BEBA1DB9C15800DA87A5 /* Release */ = {
			isa = XCBuildConfiguration;
			buildSettings = {
				ASSETCATALOG_COMPILER_APPICON_NAME = AppIcon;
				INFOPLIST_FILE = TableHeaderSelectDemo/Info.plist;
				LD_RUNPATH_SEARCH_PATHS = "$(inherited) @executable_path/Frameworks";
				PRODUCT_BUNDLE_IDENTIFIER = com.gyl.TableHeaderSelectDemo;
				PRODUCT_NAME = "$(TARGET_NAME)";
			};
			name = Release;
		};
/* End XCBuildConfiguration section */

/* Begin XCConfigurationList section */
		A437BE9C1DB9C15800DA87A5 /* Build configuration list for PBXProject "TableHeaderSelectDemo" */ = {
			isa = XCConfigurationList;
			buildConfigurations = (
				A437BEB61DB9C15800DA87A5 /* Debug */,
				A437BEB71DB9C15800DA87A5 /* Release */,
			);
			defaultConfigurationIsVisible = 0;
			defaultConfigurationName = Release;
		};
		A437BEB81DB9C15800DA87A5 /* Build configuration list for PBXNativeTarget "TableHeaderSelectDemo" */ = {
			isa = XCConfigurationList;
			buildConfigurations = (
				A437BEB91DB9C15800DA87A5 /* Debug */,
				A437BEBA1DB9C15800DA87A5 /* Release */,
			);
			defaultConfigurationIsVisible = 0;
		};
/* End XCConfigurationList section */
	};
	rootObject = A437BE991DB9C15800DA87A5 /* Project object */;
}
